
Microsoft Visual Studio Solution File, Format Version 12.00
# Visual Studio 15
VisualStudioVersion = 15.0.28307.757
MinimumVisualStudioVersion = 10.0.40219.1
Project("{FAE04EC0-301F-11D3-BF4B-00C04F79EFBC}") = "WAC", "WAC\WAC.csproj", "{9165D3A8-E0EB-4C4E-8EB1-7FA92E89244D}"
EndProject
Global
	GlobalSection(SolutionConfigurationPlatforms) = preSolution
		Debug|Any CPU = Debug|Any CPU
		Release|Any CPU = Release|Any CPU
	EndGlobalSection
	GlobalSection(ProjectConfigurationPlatforms) = postSolution
		{9165D3A8-E0EB-4C4E-8EB1-7FA92E89244D}.Debug|Any CPU.ActiveCfg = Debug|Any CPU
		{9165D3A8-E0EB-4C4E-8EB1-7FA92E89244D}.Debug|Any CPU.Build.0 = Debug|Any CPU
		{9165D3A8-E0EB-4C4E-8EB1-7FA92E89244D}.Release|Any CPU.ActiveCfg = Release|Any CPU
		{9165D3A8-E0EB-4C4E-8EB1-7FA92E89244D}.Release|Any CPU.Build.0 = Release|Any CPU
	EndGlobalSection
	GlobalSection(SolutionProperties) = preSolution
		HideSolutionNode = FALSE
	EndGlobalSection
	GlobalSection(ExtensibilityGlobals) = postSolution
		SolutionGuid = {22134298-4922-444C-977A-09B93F4D97ED}
	EndGlobalSection
EndGlobal
